
Microsoft Visual Studio Solution File, Format Version 12.00
# Visual Studio 15
VisualStudioVersion = 15.0.28010.2026
MinimumVisualStudioVersion = 10.0.40219.1
Project("{FAE04EC0-301F-11D3-BF4B-00C04F79EFBC}") = "EncryptApp", "EncryptApp\EncryptApp.csproj", "{0FD90C3E-44D9-48E0-8548-CA4C5A217BC1}"
EndProject
Project("{FAE04EC0-301F-11D3-BF4B-00C04F79EFBC}") = "Encrypt", "..\Encrypt\Encrypt\Encrypt.csproj", "{91DC2739-14CC-41F1-B3AB-A42CCEE3949E}"
EndProject
Global
	GlobalSection(SolutionConfigurationPlatforms) = preSolution
		Debug|Any CPU = Debug|Any CPU
		Release|Any CPU = Release|Any CPU
	EndGlobalSection
	GlobalSection(ProjectConfigurationPlatforms) = postSolution
		{0FD90C3E-44D9-48E0-8548-CA4C5A217BC1}.Debug|Any CPU.ActiveCfg = Debug|Any CPU
		{0FD90C3E-44D9-48E0-8548-CA4C5A217BC1}.Debug|Any CPU.Build.0 = Debug|Any CPU
		{0FD90C3E-44D9-48E0-8548-CA4C5A217BC1}.Release|Any CPU.ActiveCfg = Release|Any CPU
		{0FD90C3E-44D9-48E0-8548-CA4C5A217BC1}.Release|Any CPU.Build.0 = Release|Any CPU
		{91DC2739-14CC-41F1-B3AB-A42CCEE3949E}.Debug|Any CPU.ActiveCfg = Debug|Any CPU
		{91DC2739-14CC-41F1-B3AB-A42CCEE3949E}.Debug|Any CPU.Build.0 = Debug|Any CPU
		{91DC2739-14CC-41F1-B3AB-A42CCEE3949E}.Release|Any CPU.ActiveCfg = Release|Any CPU
		{91DC2739-14CC-41F1-B3AB-A42CCEE3949E}.Release|Any CPU.Build.0 = Release|Any CPU
	EndGlobalSection
	GlobalSection(SolutionProperties) = preSolution
		HideSolutionNode = FALSE
	EndGlobalSection
	GlobalSection(ExtensibilityGlobals) = postSolution
		SolutionGuid = {388E0048-6461-4C5E-99DF-01D820E80CD3}
	EndGlobalSection
EndGlobal
